
Microsoft Visual Studio Solution File, Format Version 12.00
# Visual Studio Version 17
VisualStudioVersion = 17.13.35825.156
MinimumVisualStudioVersion = 10.0.40219.1
Project("{FAE04EC0-301F-11D3-BF4B-00C04F79EFBC}") = "HW_4.1", "HW_4.1\HW_4.1.csproj", "{B8E2783A-2D25-47A3-AAF2-858CEBBAEECD}"
EndProject
Project("{FAE04EC0-301F-11D3-BF4B-00C04F79EFBC}") = "HW_4.2", "HW_4.2\HW_4.2.csproj", "{152D1CA3-DD09-45C6-918B-0A359C290FFE}"
EndProject
Project("{FAE04EC0-301F-11D3-BF4B-00C04F79EFBC}") = "HW_5", "HW_5\HW_5.csproj", "{E7A94F3C-0FA5-46A6-9A80-1A276BA2911C}"
EndProject
Project("{FAE04EC0-301F-11D3-BF4B-00C04F79EFBC}") = "HW_7.1", "HW_7.1\HW_7.1.csproj", "{3F60A50C-F368-4FE6-AC65-008BC1130867}"
EndProject
Project("{FAE04EC0-301F-11D3-BF4B-00C04F79EFBC}") = "HW_7.2", "HW_7.2\HW_7.2.csproj", "{F0498F78-42D8-4EF6-9BE3-87943D5C9291}"
EndProject
Project("{FAE04EC0-301F-11D3-BF4B-00C04F79EFBC}") = "HW_8", "HW_8\HW_8.csproj", "{1CD40120-79C9-4F64-9052-1DDFB1B6FD21}"
EndProject
Project("{FAE04EC0-301F-11D3-BF4B-00C04F79EFBC}") = "HW_9.1", "HW_9.1\HW_9.1.csproj", "{8768DAD0-E818-4850-8DE3-03F3F00C4C92}"
EndProject
Project("{FAE04EC0-301F-11D3-BF4B-00C04F79EFBC}") = "HW_9.2", "HW_9.2\HW_9.2.csproj", "{1EEDB893-6EB3-4FBD-9429-C64096B3807D}"
EndProject
Project("{FAE04EC0-301F-11D3-BF4B-00C04F79EFBC}") = "HW_9.3", "HW_9.3\HW_9.3.csproj", "{E71D789C-1CA1-4997-A5EC-889687292586}"
EndProject
Global
	GlobalSection(SolutionConfigurationPlatforms) = preSolution
		Debug|Any CPU = Debug|Any CPU
		Release|Any CPU = Release|Any CPU
	EndGlobalSection
	GlobalSection(ProjectConfigurationPlatforms) = postSolution
		{B8E2783A-2D25-47A3-AAF2-858CEBBAEECD}.Debug|Any CPU.ActiveCfg = Debug|Any CPU
		{B8E2783A-2D25-47A3-AAF2-858CEBBAEECD}.Debug|Any CPU.Build.0 = Debug|Any CPU
		{B8E2783A-2D25-47A3-AAF2-858CEBBAEECD}.Release|Any CPU.ActiveCfg = Release|Any CPU
		{B8E2783A-2D25-47A3-AAF2-858CEBBAEECD}.Release|Any CPU.Build.0 = Release|Any CPU
		{152D1CA3-DD09-45C6-918B-0A359C290FFE}.Debug|Any CPU.ActiveCfg = Debug|Any CPU
		{152D1CA3-DD09-45C6-918B-0A359C290FFE}.Debug|Any CPU.Build.0 = Debug|Any CPU
		{152D1CA3-DD09-45C6-918B-0A359C290FFE}.Release|Any CPU.ActiveCfg = Release|Any CPU
		{152D1CA3-DD09-45C6-918B-0A359C290FFE}.Release|Any CPU.Build.0 = Release|Any CPU
		{E7A94F3C-0FA5-46A6-9A80-1A276BA2911C}.Debug|Any CPU.ActiveCfg = Debug|Any CPU
		{E7A94F3C-0FA5-46A6-9A80-1A276BA2911C}.Debug|Any CPU.Build.0 = Debug|Any CPU
		{E7A94F3C-0FA5-46A6-9A80-1A276BA2911C}.Release|Any CPU.ActiveCfg = Release|Any CPU
		{E7A94F3C-0FA5-46A6-9A80-1A276BA2911C}.Release|Any CPU.Build.0 = Release|Any CPU
		{3F60A50C-F368-4FE6-AC65-008BC1130867}.Debug|Any CPU.ActiveCfg = Debug|Any CPU
		{3F60A50C-F368-4FE6-AC65-008BC1130867}.Debug|Any CPU.Build.0 = Debug|Any CPU
		{3F60A50C-F368-4FE6-AC65-008BC1130867}.Release|Any CPU.ActiveCfg = Release|Any CPU
		{3F60A50C-F368-4FE6-AC65-008BC1130867}.Release|Any CPU.Build.0 = Release|Any CPU
		{F0498F78-42D8-4EF6-9BE3-87943D5C9291}.Debug|Any CPU.ActiveCfg = Debug|Any CPU
		{F0498F78-42D8-4EF6-9BE3-87943D5C9291}.Debug|Any CPU.Build.0 = Debug|Any CPU
		{F0498F78-42D8-4EF6-9BE3-87943D5C9291}.Release|Any CPU.ActiveCfg = Release|Any CPU
		{F0498F78-42D8-4EF6-9BE3-87943D5C9291}.Release|Any CPU.Build.0 = Release|Any CPU
		{1CD40120-79C9-4F64-9052-1DDFB1B6FD21}.Debug|Any CPU.ActiveCfg = Debug|Any CPU
		{1CD40120-79C9-4F64-9052-1DDFB1B6FD21}.Debug|Any CPU.Build.0 = Debug|Any CPU
		{1CD40120-79C9-4F64-9052-1DDFB1B6FD21}.Release|Any CPU.ActiveCfg = Release|Any CPU
		{1CD40120-79C9-4F64-9052-1DDFB1B6FD21}.Release|Any CPU.Build.0 = Release|Any CPU
		{8768DAD0-E818-4850-8DE3-03F3F00C4C92}.Debug|Any CPU.ActiveCfg = Debug|Any CPU
		{8768DAD0-E818-4850-8DE3-03F3F00C4C92}.Debug|Any CPU.Build.0 = Debug|Any CPU
		{8768DAD0-E818-4850-8DE3-03F3F00C4C92}.Release|Any CPU.ActiveCfg = Release|Any CPU
		{8768DAD0-E818-4850-8DE3-03F3F00C4C92}.Release|Any CPU.Build.0 = Release|Any CPU
		{1EEDB893-6EB3-4FBD-9429-C64096B3807D}.Debug|Any CPU.ActiveCfg = Debug|Any CPU
		{1EEDB893-6EB3-4FBD-9429-C64096B3807D}.Debug|Any CPU.Build.0 = Debug|Any CPU
		{1EEDB893-6EB3-4FBD-9429-C64096B3807D}.Release|Any CPU.ActiveCfg = Release|Any CPU
		{1EEDB893-6EB3-4FBD-9429-C64096B3807D}.Release|Any CPU.Build.0 = Release|Any CPU
		{E71D789C-1CA1-4997-A5EC-889687292586}.Debug|Any CPU.ActiveCfg = Debug|Any CPU
		{E71D789C-1CA1-4997-A5EC-889687292586}.Debug|Any CPU.Build.0 = Debug|Any CPU
		{E71D789C-1CA1-4997-A5EC-889687292586}.Release|Any CPU.ActiveCfg = Release|Any CPU
		{E71D789C-1CA1-4997-A5EC-889687292586}.Release|Any CPU.Build.0 = Release|Any CPU
	EndGlobalSection
	GlobalSection(SolutionProperties) = preSolution
		HideSolutionNode = FALSE
	EndGlobalSection
	GlobalSection(ExtensibilityGlobals) = postSolution
		SolutionGuid = {34DB3E02-DF92-4870-BFE5-4720FBED1F9D}
	EndGlobalSection
EndGlobal
