
Microsoft Visual Studio Solution File, Format Version 12.00
# Visual Studio Version 17
VisualStudioVersion = 17.13.35825.156
MinimumVisualStudioVersion = 10.0.40219.1
Project("{FAE04EC0-301F-11D3-BF4B-00C04F79EFBC}") = "HW_04.1", "HW_4.1\HW_04.1.csproj", "{B8E2783A-2D25-47A3-AAF2-858CEBBAEECD}"
EndProject
Project("{FAE04EC0-301F-11D3-BF4B-00C04F79EFBC}") = "HW_04.2", "HW_4.2\HW_04.2.csproj", "{152D1CA3-DD09-45C6-918B-0A359C290FFE}"
EndProject
Project("{FAE04EC0-301F-11D3-BF4B-00C04F79EFBC}") = "HW_05", "HW_5\HW_05.csproj", "{E7A94F3C-0FA5-46A6-9A80-1A276BA2911C}"
EndProject
Project("{FAE04EC0-301F-11D3-BF4B-00C04F79EFBC}") = "HW_07.1", "HW_7.1\HW_07.1.csproj", "{3F60A50C-F368-4FE6-AC65-008BC1130867}"
EndProject
Project("{FAE04EC0-301F-11D3-BF4B-00C04F79EFBC}") = "HW_07.2", "HW_7.2\HW_07.2.csproj", "{F0498F78-42D8-4EF6-9BE3-87943D5C9291}"
EndProject
Project("{FAE04EC0-301F-11D3-BF4B-00C04F79EFBC}") = "HW_08", "HW_8\HW_08.csproj", "{1CD40120-79C9-4F64-9052-1DDFB1B6FD21}"
EndProject
Project("{FAE04EC0-301F-11D3-BF4B-00C04F79EFBC}") = "HW_09.1", "HW_9.1\HW_09.1.csproj", "{8768DAD0-E818-4850-8DE3-03F3F00C4C92}"
EndProject
Project("{FAE04EC0-301F-11D3-BF4B-00C04F79EFBC}") = "HW_09.2", "HW_9.2\HW_09.2.csproj", "{1EEDB893-6EB3-4FBD-9429-C64096B3807D}"
EndProject
Project("{FAE04EC0-301F-11D3-BF4B-00C04F79EFBC}") = "HW_09.3", "HW_9.3\HW_09.3.csproj", "{E71D789C-1CA1-4997-A5EC-889687292586}"
EndProject
Project("{FAE04EC0-301F-11D3-BF4B-00C04F79EFBC}") = "HW_10.1", "HW_10.1\HW_10.1.csproj", "{929E6A25-FC28-4E7C-804C-7FC6254582F4}"
EndProject
Project("{FAE04EC0-301F-11D3-BF4B-00C04F79EFBC}") = "HW_11.1", "HW_11.1\HW_11.1.csproj", "{78D72AD4-8993-46C7-AB55-3269867020BD}"
EndProject
Project("{FAE04EC0-301F-11D3-BF4B-00C04F79EFBC}") = "HW_12.1", "HW_12.1\HW_12.1.csproj", "{9007D857-9EDF-4FBB-8C2F-DC1430087589}"
EndProject
Project("{FAE04EC0-301F-11D3-BF4B-00C04F79EFBC}") = "HW_13.1", "HW_13.1\HW_13.1.csproj", "{67D98DF8-9BC6-4BA4-87AE-B289505C0139}"
EndProject
Project("{FAE04EC0-301F-11D3-BF4B-00C04F79EFBC}") = "HW_14.1", "HW_14.1\HW_14.1.csproj", "{E967F8A4-22A6-4404-8A13-6A94E3CD3E32}"
EndProject
Global
	GlobalSection(SolutionConfigurationPlatforms) = preSolution
		Debug|Any CPU = Debug|Any CPU
		Release|Any CPU = Release|Any CPU
	EndGlobalSection
	GlobalSection(ProjectConfigurationPlatforms) = postSolution
		{B8E2783A-2D25-47A3-AAF2-858CEBBAEECD}.Debug|Any CPU.ActiveCfg = Debug|Any CPU
		{B8E2783A-2D25-47A3-AAF2-858CEBBAEECD}.Debug|Any CPU.Build.0 = Debug|Any CPU
		{B8E2783A-2D25-47A3-AAF2-858CEBBAEECD}.Release|Any CPU.ActiveCfg = Release|Any CPU
		{B8E2783A-2D25-47A3-AAF2-858CEBBAEECD}.Release|Any CPU.Build.0 = Release|Any CPU
		{152D1CA3-DD09-45C6-918B-0A359C290FFE}.Debug|Any CPU.ActiveCfg = Debug|Any CPU
		{152D1CA3-DD09-45C6-918B-0A359C290FFE}.Debug|Any CPU.Build.0 = Debug|Any CPU
		{152D1CA3-DD09-45C6-918B-0A359C290FFE}.Release|Any CPU.ActiveCfg = Release|Any CPU
		{152D1CA3-DD09-45C6-918B-0A359C290FFE}.Release|Any CPU.Build.0 = Release|Any CPU
		{E7A94F3C-0FA5-46A6-9A80-1A276BA2911C}.Debug|Any CPU.ActiveCfg = Debug|Any CPU
		{E7A94F3C-0FA5-46A6-9A80-1A276BA2911C}.Debug|Any CPU.Build.0 = Debug|Any CPU
		{E7A94F3C-0FA5-46A6-9A80-1A276BA2911C}.Release|Any CPU.ActiveCfg = Release|Any CPU
		{E7A94F3C-0FA5-46A6-9A80-1A276BA2911C}.Release|Any CPU.Build.0 = Release|Any CPU
		{3F60A50C-F368-4FE6-AC65-008BC1130867}.Debug|Any CPU.ActiveCfg = Debug|Any CPU
		{3F60A50C-F368-4FE6-AC65-008BC1130867}.Debug|Any CPU.Build.0 = Debug|Any CPU
		{3F60A50C-F368-4FE6-AC65-008BC1130867}.Release|Any CPU.ActiveCfg = Release|Any CPU
		{3F60A50C-F368-4FE6-AC65-008BC1130867}.Release|Any CPU.Build.0 = Release|Any CPU
		{F0498F78-42D8-4EF6-9BE3-87943D5C9291}.Debug|Any CPU.ActiveCfg = Debug|Any CPU
		{F0498F78-42D8-4EF6-9BE3-87943D5C9291}.Debug|Any CPU.Build.0 = Debug|Any CPU
		{F0498F78-42D8-4EF6-9BE3-87943D5C9291}.Release|Any CPU.ActiveCfg = Release|Any CPU
		{F0498F78-42D8-4EF6-9BE3-87943D5C9291}.Release|Any CPU.Build.0 = Release|Any CPU
		{1CD40120-79C9-4F64-9052-1DDFB1B6FD21}.Debug|Any CPU.ActiveCfg = Debug|Any CPU
		{1CD40120-79C9-4F64-9052-1DDFB1B6FD21}.Debug|Any CPU.Build.0 = Debug|Any CPU
		{1CD40120-79C9-4F64-9052-1DDFB1B6FD21}.Release|Any CPU.ActiveCfg = Release|Any CPU
		{1CD40120-79C9-4F64-9052-1DDFB1B6FD21}.Release|Any CPU.Build.0 = Release|Any CPU
		{8768DAD0-E818-4850-8DE3-03F3F00C4C92}.Debug|Any CPU.ActiveCfg = Debug|Any CPU
		{8768DAD0-E818-4850-8DE3-03F3F00C4C92}.Debug|Any CPU.Build.0 = Debug|Any CPU
		{8768DAD0-E818-4850-8DE3-03F3F00C4C92}.Release|Any CPU.ActiveCfg = Release|Any CPU
		{8768DAD0-E818-4850-8DE3-03F3F00C4C92}.Release|Any CPU.Build.0 = Release|Any CPU
		{1EEDB893-6EB3-4FBD-9429-C64096B3807D}.Debug|Any CPU.ActiveCfg = Debug|Any CPU
		{1EEDB893-6EB3-4FBD-9429-C64096B3807D}.Debug|Any CPU.Build.0 = Debug|Any CPU
		{1EEDB893-6EB3-4FBD-9429-C64096B3807D}.Release|Any CPU.ActiveCfg = Release|Any CPU
		{1EEDB893-6EB3-4FBD-9429-C64096B3807D}.Release|Any CPU.Build.0 = Release|Any CPU
		{E71D789C-1CA1-4997-A5EC-889687292586}.Debug|Any CPU.ActiveCfg = Debug|Any CPU
		{E71D789C-1CA1-4997-A5EC-889687292586}.Debug|Any CPU.Build.0 = Debug|Any CPU
		{E71D789C-1CA1-4997-A5EC-889687292586}.Release|Any CPU.ActiveCfg = Release|Any CPU
		{E71D789C-1CA1-4997-A5EC-889687292586}.Release|Any CPU.Build.0 = Release|Any CPU
		{929E6A25-FC28-4E7C-804C-7FC6254582F4}.Debug|Any CPU.ActiveCfg = Debug|Any CPU
		{929E6A25-FC28-4E7C-804C-7FC6254582F4}.Debug|Any CPU.Build.0 = Debug|Any CPU
		{929E6A25-FC28-4E7C-804C-7FC6254582F4}.Release|Any CPU.ActiveCfg = Release|Any CPU
		{929E6A25-FC28-4E7C-804C-7FC6254582F4}.Release|Any CPU.Build.0 = Release|Any CPU
		{78D72AD4-8993-46C7-AB55-3269867020BD}.Debug|Any CPU.ActiveCfg = Debug|Any CPU
		{78D72AD4-8993-46C7-AB55-3269867020BD}.Debug|Any CPU.Build.0 = Debug|Any CPU
		{78D72AD4-8993-46C7-AB55-3269867020BD}.Release|Any CPU.ActiveCfg = Release|Any CPU
		{78D72AD4-8993-46C7-AB55-3269867020BD}.Release|Any CPU.Build.0 = Release|Any CPU
		{9007D857-9EDF-4FBB-8C2F-DC1430087589}.Debug|Any CPU.ActiveCfg = Debug|Any CPU
		{9007D857-9EDF-4FBB-8C2F-DC1430087589}.Debug|Any CPU.Build.0 = Debug|Any CPU
		{9007D857-9EDF-4FBB-8C2F-DC1430087589}.Release|Any CPU.ActiveCfg = Release|Any CPU
		{9007D857-9EDF-4FBB-8C2F-DC1430087589}.Release|Any CPU.Build.0 = Release|Any CPU
		{67D98DF8-9BC6-4BA4-87AE-B289505C0139}.Debug|Any CPU.ActiveCfg = Debug|Any CPU
		{67D98DF8-9BC6-4BA4-87AE-B289505C0139}.Debug|Any CPU.Build.0 = Debug|Any CPU
		{67D98DF8-9BC6-4BA4-87AE-B289505C0139}.Release|Any CPU.ActiveCfg = Release|Any CPU
		{67D98DF8-9BC6-4BA4-87AE-B289505C0139}.Release|Any CPU.Build.0 = Release|Any CPU
		{E967F8A4-22A6-4404-8A13-6A94E3CD3E32}.Debug|Any CPU.ActiveCfg = Debug|Any CPU
		{E967F8A4-22A6-4404-8A13-6A94E3CD3E32}.Debug|Any CPU.Build.0 = Debug|Any CPU
		{E967F8A4-22A6-4404-8A13-6A94E3CD3E32}.Release|Any CPU.ActiveCfg = Release|Any CPU
		{E967F8A4-22A6-4404-8A13-6A94E3CD3E32}.Release|Any CPU.Build.0 = Release|Any CPU
	EndGlobalSection
	GlobalSection(SolutionProperties) = preSolution
		HideSolutionNode = FALSE
	EndGlobalSection
	GlobalSection(ExtensibilityGlobals) = postSolution
		SolutionGuid = {34DB3E02-DF92-4870-BFE5-4720FBED1F9D}
	EndGlobalSection
EndGlobal
