
Microsoft Visual Studio Solution File, Format Version 12.00
# Visual Studio Version 17
VisualStudioVersion = 17.13.35825.156
MinimumVisualStudioVersion = 10.0.40219.1
Project("{FAE04EC0-301F-11D3-BF4B-00C04F79EFBC}") = "HW_4.1", "HW_4.1\HW_4.1.csproj", "{B8E2783A-2D25-47A3-AAF2-858CEBBAEECD}"
EndProject
Project("{FAE04EC0-301F-11D3-BF4B-00C04F79EFBC}") = "HW_4.2", "HW_4.2\HW_4.2.csproj", "{152D1CA3-DD09-45C6-918B-0A359C290FFE}"
EndProject
Project("{FAE04EC0-301F-11D3-BF4B-00C04F79EFBC}") = "HW_5", "HW_5\HW_5.csproj", "{E7A94F3C-0FA5-46A6-9A80-1A276BA2911C}"
EndProject
Project("{FAE04EC0-301F-11D3-BF4B-00C04F79EFBC}") = "HW_7.1", "HW_7.1\HW_7.1.csproj", "{3F60A50C-F368-4FE6-AC65-008BC1130867}"
EndProject
Global
	GlobalSection(SolutionConfigurationPlatforms) = preSolution
		Debug|Any CPU = Debug|Any CPU
		Release|Any CPU = Release|Any CPU
	EndGlobalSection
	GlobalSection(ProjectConfigurationPlatforms) = postSolution
		{B8E2783A-2D25-47A3-AAF2-858CEBBAEECD}.Debug|Any CPU.ActiveCfg = Debug|Any CPU
		{B8E2783A-2D25-47A3-AAF2-858CEBBAEECD}.Debug|Any CPU.Build.0 = Debug|Any CPU
		{B8E2783A-2D25-47A3-AAF2-858CEBBAEECD}.Release|Any CPU.ActiveCfg = Release|Any CPU
		{B8E2783A-2D25-47A3-AAF2-858CEBBAEECD}.Release|Any CPU.Build.0 = Release|Any CPU
		{152D1CA3-DD09-45C6-918B-0A359C290FFE}.Debug|Any CPU.ActiveCfg = Debug|Any CPU
		{152D1CA3-DD09-45C6-918B-0A359C290FFE}.Debug|Any CPU.Build.0 = Debug|Any CPU
		{152D1CA3-DD09-45C6-918B-0A359C290FFE}.Release|Any CPU.ActiveCfg = Release|Any CPU
		{152D1CA3-DD09-45C6-918B-0A359C290FFE}.Release|Any CPU.Build.0 = Release|Any CPU
		{E7A94F3C-0FA5-46A6-9A80-1A276BA2911C}.Debug|Any CPU.ActiveCfg = Debug|Any CPU
		{E7A94F3C-0FA5-46A6-9A80-1A276BA2911C}.Debug|Any CPU.Build.0 = Debug|Any CPU
		{E7A94F3C-0FA5-46A6-9A80-1A276BA2911C}.Release|Any CPU.ActiveCfg = Release|Any CPU
		{E7A94F3C-0FA5-46A6-9A80-1A276BA2911C}.Release|Any CPU.Build.0 = Release|Any CPU
		{3F60A50C-F368-4FE6-AC65-008BC1130867}.Debug|Any CPU.ActiveCfg = Debug|Any CPU
		{3F60A50C-F368-4FE6-AC65-008BC1130867}.Debug|Any CPU.Build.0 = Debug|Any CPU
		{3F60A50C-F368-4FE6-AC65-008BC1130867}.Release|Any CPU.ActiveCfg = Release|Any CPU
		{3F60A50C-F368-4FE6-AC65-008BC1130867}.Release|Any CPU.Build.0 = Release|Any CPU
	EndGlobalSection
	GlobalSection(SolutionProperties) = preSolution
		HideSolutionNode = FALSE
	EndGlobalSection
	GlobalSection(ExtensibilityGlobals) = postSolution
		SolutionGuid = {34DB3E02-DF92-4870-BFE5-4720FBED1F9D}
	EndGlobalSection
EndGlobal
